
Microsoft Visual Studio Solution File, Format Version 12.00
# Visual Studio Version 16
VisualStudioVersion = 16.0.29709.97
MinimumVisualStudioVersion = 10.0.40219.1
Project("{9A19103F-16F7-4668-BE54-9A1E7A4F7556}") = "ByteDev.ArgValidation", "ByteDev.ArgValidation\ByteDev.ArgValidation.csproj", "{104BE1B4-0026-4770-864A-9811F3063595}"
EndProject
Project("{2150E333-8FDC-42A3-9474-1A3956D46DE8}") = "Tests", "Tests", "{3E8E859F-C03D-4D02-9EFC-3C4E730D5CF8}"
EndProject
Project("{9A19103F-16F7-4668-BE54-9A1E7A4F7556}") = "ByteDev.ArgValidation.UnitTests", "ByteDev.ArgValidation.UnitTests\ByteDev.ArgValidation.UnitTests.csproj", "{8B646BB2-B441-437A-A6BA-6ADB474151FD}"
EndProject
Project("{2150E333-8FDC-42A3-9474-1A3956D46DE8}") = "Docs", "Docs", "{64E1103F-E77F-4747-93E3-82A4800E2482}"
	ProjectSection(SolutionItems) = preProject
		..\README.md = ..\README.md
		..\RELEASE-NOTES.md = ..\RELEASE-NOTES.md
	EndProjectSection
EndProject
Project("{2150E333-8FDC-42A3-9474-1A3956D46DE8}") = "Build", "Build", "{6B9FC7DF-58B2-4CF1-B5D5-6B7A8276F869}"
	ProjectSection(SolutionItems) = preProject
		..\build\build.cake = ..\build\build.cake
		ByteDev.ArgValidation.nuspec = ByteDev.ArgValidation.nuspec
	EndProjectSection
EndProject
Project("{2150E333-8FDC-42A3-9474-1A3956D46DE8}") = "TestApp", "TestApp", "{CFBE773E-EE52-49FB-B317-6A67A8638AAD}"
EndProject
Project("{FAE04EC0-301F-11D3-BF4B-00C04F79EFBC}") = "ByteDev.ArgValidation.TestApp", "ByteDev.ArgValidation.TestApp\ByteDev.ArgValidation.TestApp.csproj", "{DE94163E-ADF5-4F28-9966-57D6329B8A38}"
EndProject
Global
	GlobalSection(SolutionConfigurationPlatforms) = preSolution
		Debug|Any CPU = Debug|Any CPU
		Release|Any CPU = Release|Any CPU
	EndGlobalSection
	GlobalSection(ProjectConfigurationPlatforms) = postSolution
		{104BE1B4-0026-4770-864A-9811F3063595}.Debug|Any CPU.ActiveCfg = Debug|Any CPU
		{104BE1B4-0026-4770-864A-9811F3063595}.Debug|Any CPU.Build.0 = Debug|Any CPU
		{104BE1B4-0026-4770-864A-9811F3063595}.Release|Any CPU.ActiveCfg = Release|Any CPU
		{104BE1B4-0026-4770-864A-9811F3063595}.Release|Any CPU.Build.0 = Release|Any CPU
		{8B646BB2-B441-437A-A6BA-6ADB474151FD}.Debug|Any CPU.ActiveCfg = Debug|Any CPU
		{8B646BB2-B441-437A-A6BA-6ADB474151FD}.Debug|Any CPU.Build.0 = Debug|Any CPU
		{8B646BB2-B441-437A-A6BA-6ADB474151FD}.Release|Any CPU.ActiveCfg = Release|Any CPU
		{8B646BB2-B441-437A-A6BA-6ADB474151FD}.Release|Any CPU.Build.0 = Release|Any CPU
		{DE94163E-ADF5-4F28-9966-57D6329B8A38}.Debug|Any CPU.ActiveCfg = Debug|Any CPU
		{DE94163E-ADF5-4F28-9966-57D6329B8A38}.Debug|Any CPU.Build.0 = Debug|Any CPU
		{DE94163E-ADF5-4F28-9966-57D6329B8A38}.Release|Any CPU.ActiveCfg = Release|Any CPU
		{DE94163E-ADF5-4F28-9966-57D6329B8A38}.Release|Any CPU.Build.0 = Release|Any CPU
	EndGlobalSection
	GlobalSection(SolutionProperties) = preSolution
		HideSolutionNode = FALSE
	EndGlobalSection
	GlobalSection(NestedProjects) = preSolution
		{8B646BB2-B441-437A-A6BA-6ADB474151FD} = {3E8E859F-C03D-4D02-9EFC-3C4E730D5CF8}
		{DE94163E-ADF5-4F28-9966-57D6329B8A38} = {CFBE773E-EE52-49FB-B317-6A67A8638AAD}
	EndGlobalSection
	GlobalSection(ExtensibilityGlobals) = postSolution
		SolutionGuid = {BBC6803E-A37D-4CE0-86E8-C925858B6388}
	EndGlobalSection
EndGlobal
